// !$*UTF8*$!
{
	archiveVersion = 1;
	classes = {
	};
	objectVersion = 46;
	objects = {

/* Begin PBXBuildFile section */
		2D1244C71531ACB700D841DA /* UIKit.framework in Frameworks */ = {isa = PBXBuildFile; fileRef = 2D1244C61531ACB700D841DA /* UIKit.framework */; };
		2D1244C91531ACB700D841DA /* Foundation.framework in Frameworks */ = {isa = PBXBuildFile; fileRef = 2D1244C81531ACB700D841DA /* Foundation.framework */; };
		2D1244CB1531ACB700D841DA /* CoreGraphics.framework in Frameworks */ = {isa = PBXBuildFile; fileRef = 2D1244CA1531ACB700D841DA /* CoreGraphics.framework */; };
		2D1244D11531ACB700D841DA /* InfoPlist.strings in Resources */ = {isa = PBXBuildFile; fileRef = 2D1244CF1531ACB700D841DA /* InfoPlist.strings */; };
		2D1244D31531ACB700D841DA /* main.m in Sources */ = {isa = PBXBuildFile; fileRef = 2D1244D21531ACB700D841DA /* main.m */; };
		2D1244D71531ACB700D841DA /* AppDelegate.m in Sources */ = {isa = PBXBuildFile; fileRef = 2D1244D61531ACB700D841DA /* AppDelegate.m */; };
		2D1244DA1531ACB700D841DA /* ViewController.m in Sources */ = {isa = PBXBuildFile; fileRef = 2D1244D91531ACB700D841DA /* ViewController.m */; };
		2D1244DD1531ACB700D841DA /* ViewController.xib in Resources */ = {isa = PBXBuildFile; fileRef = 2D1244DB1531ACB700D841DA /* ViewController.xib */; };
		2D1244E51531AD8A00D841DA /* Locked.png in Resources */ = {isa = PBXBuildFile; fileRef = 2D1244E31531AD8A00D841DA /* Locked.png */; };
		2D1244E61531AD8A00D841DA /* Locked@2x.png in Resources */ = {isa = PBXBuildFile; fileRef = 2D1244E41531AD8A00D841DA /* Locked@2x.png */; };
		2D1244EA1531B32D00D841DA /* SFHFKeychainUtils.m in Sources */ = {isa = PBXBuildFile; fileRef = 2D1244E91531B32D00D841DA /* SFHFKeychainUtils.m */; };
		2D1244EC1531BE6900D841DA /* Security.framework in Frameworks */ = {isa = PBXBuildFile; fileRef = 2D1244EB1531BE6900D841DA /* Security.framework */; };
		2D1244EE1531BE7100D841DA /* StoreKit.framework in Frameworks */ = {isa = PBXBuildFile; fileRef = 2D1244ED1531BE7100D841DA /* StoreKit.framework */; };
/* End PBXBuildFile section */

/* Begin PBXFileReference section */
		2D1244C21531ACB700D841DA /* IAPNoob.app */ = {isa = PBXFileReference; explicitFileType = wrapper.application; includeInIndex = 0; path = IAPNoob.app; sourceTree = BUILT_PRODUCTS_DIR; };
		2D1244C61531ACB700D841DA /* UIKit.framework */ = {isa = PBXFileReference; lastKnownFileType = wrapper.framework; name = UIKit.framework; path = System/Library/Frameworks/UIKit.framework; sourceTree = SDKROOT; };
		2D1244C81531ACB700D841DA /* Foundation.framework */ = {isa = PBXFileReference; lastKnownFileType = wrapper.framework; name = Foundation.framework; path = System/Library/Frameworks/Foundation.framework; sourceTree = SDKROOT; };
		2D1244CA1531ACB700D841DA /* CoreGraphics.framework */ = {isa = PBXFileReference; lastKnownFileType = wrapper.framework; name = CoreGraphics.framework; path = System/Library/Frameworks/CoreGraphics.framework; sourceTree = SDKROOT; };
		2D1244CE1531ACB700D841DA /* IAPNoob-Info.plist */ = {isa = PBXFileReference; lastKnownFileType = text.plist.xml; path = "IAPNoob-Info.plist"; sourceTree = "<group>"; };
		2D1244D01531ACB700D841DA /* en */ = {isa = PBXFileReference; lastKnownFileType = text.plist.strings; name = en; path = en.lproj/InfoPlist.strings; sourceTree = "<group>"; };
		2D1244D21531ACB700D841DA /* main.m */ = {isa = PBXFileReference; lastKnownFileType = sourcecode.c.objc; path = main.m; sourceTree = "<group>"; };
		2D1244D41531ACB700D841DA /* IAPNoob-Prefix.pch */ = {isa = PBXFileReference; lastKnownFileType = sourcecode.c.h; path = "IAPNoob-Prefix.pch"; sourceTree = "<group>"; };
		2D1244D51531ACB700D841DA /* AppDelegate.h */ = {isa = PBXFileReference; lastKnownFileType = sourcecode.c.h; path = AppDelegate.h; sourceTree = "<group>"; };
		2D1244D61531ACB700D841DA /* AppDelegate.m */ = {isa = PBXFileReference; lastKnownFileType = sourcecode.c.objc; path = AppDelegate.m; sourceTree = "<group>"; };
		2D1244D81531ACB700D841DA /* ViewController.h */ = {isa = PBXFileReference; lastKnownFileType = sourcecode.c.h; path = ViewController.h; sourceTree = "<group>"; };
		2D1244D91531ACB700D841DA /* ViewController.m */ = {isa = PBXFileReference; lastKnownFileType = sourcecode.c.objc; path = ViewController.m; sourceTree = "<group>"; };
		2D1244DC1531ACB700D841DA /* en */ = {isa = PBXFileReference; lastKnownFileType = file.xib; name = en; path = en.lproj/ViewController.xib; sourceTree = "<group>"; };
		2D1244E31531AD8A00D841DA /* Locked.png */ = {isa = PBXFileReference; lastKnownFileType = image.png; path = Locked.png; sourceTree = "<group>"; };
		2D1244E41531AD8A00D841DA /* Locked@2x.png */ = {isa = PBXFileReference; lastKnownFileType = image.png; path = "Locked@2x.png"; sourceTree = "<group>"; };
		2D1244E81531B32D00D841DA /* SFHFKeychainUtils.h */ = {isa = PBXFileReference; fileEncoding = 4; lastKnownFileType = sourcecode.c.h; path = SFHFKeychainUtils.h; sourceTree = "<group>"; };
		2D1244E91531B32D00D841DA /* SFHFKeychainUtils.m */ = {isa = PBXFileReference; fileEncoding = 4; lastKnownFileType = sourcecode.c.objc; path = SFHFKeychainUtils.m; sourceTree = "<group>"; };
		2D1244EB1531BE6900D841DA /* Security.framework */ = {isa = PBXFileReference; lastKnownFileType = wrapper.framework; name = Security.framework; path = System/Library/Frameworks/Security.framework; sourceTree = SDKROOT; };
		2D1244ED1531BE7100D841DA /* StoreKit.framework */ = {isa = PBXFileReference; lastKnownFileType = wrapper.framework; name = StoreKit.framework; path = System/Library/Frameworks/StoreKit.framework; sourceTree = SDKROOT; };
/* End PBXFileReference section */

/* Begin PBXFrameworksBuildPhase section */
		2D1244BF1531ACB700D841DA /* Frameworks */ = {
			isa = PBXFrameworksBuildPhase;
			buildActionMask = 2147483647;
			files = (
				2D1244EE1531BE7100D841DA /* StoreKit.framework in Frameworks */,
				2D1244EC1531BE6900D841DA /* Security.framework in Frameworks */,
				2D1244C71531ACB700D841DA /* UIKit.framework in Frameworks */,
				2D1244C91531ACB700D841DA /* Foundation.framework in Frameworks */,
				2D1244CB1531ACB700D841DA /* CoreGraphics.framework in Frameworks */,
			);
			runOnlyForDeploymentPostprocessing = 0;
		};
/* End PBXFrameworksBuildPhase section */

/* Begin PBXGroup section */
		2D1244B71531ACB700D841DA = {
			isa = PBXGroup;
			children = (
				2D1244ED1531BE7100D841DA /* StoreKit.framework */,
				2D1244EB1531BE6900D841DA /* Security.framework */,
				2D1244E71531B32D00D841DA /* security */,
				2D1244CC1531ACB700D841DA /* IAPNoob */,
				2D1244C51531ACB700D841DA /* Frameworks */,
				2D1244C31531ACB700D841DA /* Products */,
			);
			sourceTree = "<group>";
		};
		2D1244C31531ACB700D841DA /* Products */ = {
			isa = PBXGroup;
			children = (
				2D1244C21531ACB700D841DA /* IAPNoob.app */,
			);
			name = Products;
			sourceTree = "<group>";
		};
		2D1244C51531ACB700D841DA /* Frameworks */ = {
			isa = PBXGroup;
			children = (
				2D1244C61531ACB700D841DA /* UIKit.framework */,
				2D1244C81531ACB700D841DA /* Foundation.framework */,
				2D1244CA1531ACB700D841DA /* CoreGraphics.framework */,
			);
			name = Frameworks;
			sourceTree = "<group>";
		};
		2D1244CC1531ACB700D841DA /* IAPNoob */ = {
			isa = PBXGroup;
			children = (
				2D1244D51531ACB700D841DA /* AppDelegate.h */,
				2D1244D61531ACB700D841DA /* AppDelegate.m */,
				2D1244D81531ACB700D841DA /* ViewController.h */,
				2D1244D91531ACB700D841DA /* ViewController.m */,
				2D1244DB1531ACB700D841DA /* ViewController.xib */,
				2D1244CD1531ACB700D841DA /* Supporting Files */,
			);
			path = IAPNoob;
			sourceTree = "<group>";
		};
		2D1244CD1531ACB700D841DA /* Supporting Files */ = {
			isa = PBXGroup;
			children = (
				2D1244E31531AD8A00D841DA /* Locked.png */,
				2D1244E41531AD8A00D841DA /* Locked@2x.png */,
				2D1244CE1531ACB700D841DA /* IAPNoob-Info.plist */,
				2D1244CF1531ACB700D841DA /* InfoPlist.strings */,
				2D1244D21531ACB700D841DA /* main.m */,
				2D1244D41531ACB700D841DA /* IAPNoob-Prefix.pch */,
			);
			name = "Supporting Files";
			sourceTree = "<group>";
		};
		2D1244E71531B32D00D841DA /* security */ = {
			isa = PBXGroup;
			children = (
				2D1244E81531B32D00D841DA /* SFHFKeychainUtils.h */,
				2D1244E91531B32D00D841DA /* SFHFKeychainUtils.m */,
			);
			name = security;
			path = IAPNoob/security;
			sourceTree = "<group>";
		};
/* End PBXGroup section */

/* Begin PBXNativeTarget section */
		2D1244C11531ACB700D841DA /* IAPNoob */ = {
			isa = PBXNativeTarget;
			buildConfigurationList = 2D1244E01531ACB700D841DA /* Build configuration list for PBXNativeTarget "IAPNoob" */;
			buildPhases = (
				2D1244BE1531ACB700D841DA /* Sources */,
				2D1244BF1531ACB700D841DA /* Frameworks */,
				2D1244C01531ACB700D841DA /* Resources */,
			);
			buildRules = (
			);
			dependencies = (
			);
			name = IAPNoob;
			productName = IAPNoob;
			productReference = 2D1244C21531ACB700D841DA /* IAPNoob.app */;
			productType = "com.apple.product-type.application";
		};
/* End PBXNativeTarget section */

/* Begin PBXProject section */
		2D1244B91531ACB700D841DA /* Project object */ = {
			isa = PBXProject;
			attributes = {
				LastUpgradeCheck = 0430;
				TargetAttributes = {
					2D1244C11531ACB700D841DA = {
						DevelopmentTeam = 2U2K8SJ7Q7;
					};
				};
			};
			buildConfigurationList = 2D1244BC1531ACB700D841DA /* Build configuration list for PBXProject "IAPNoob" */;
			compatibilityVersion = "Xcode 3.2";
			developmentRegion = English;
			hasScannedForEncodings = 0;
			knownRegions = (
				en,
			);
			mainGroup = 2D1244B71531ACB700D841DA;
			productRefGroup = 2D1244C31531ACB700D841DA /* Products */;
			projectDirPath = "";
			projectRoot = "";
			targets = (
				2D1244C11531ACB700D841DA /* IAPNoob */,
			);
		};
/* End PBXProject section */

/* Begin PBXResourcesBuildPhase section */
		2D1244C01531ACB700D841DA /* Resources */ = {
			isa = PBXResourcesBuildPhase;
			buildActionMask = 2147483647;
			files = (
				2D1244D11531ACB700D841DA /* InfoPlist.strings in Resources */,
				2D1244DD1531ACB700D841DA /* ViewController.xib in Resources */,
				2D1244E51531AD8A00D841DA /* Locked.png in Resources */,
				2D1244E61531AD8A00D841DA /* Locked@2x.png in Resources */,
			);
			runOnlyForDeploymentPostprocessing = 0;
		};
/* End PBXResourcesBuildPhase section */

/* Begin PBXSourcesBuildPhase section */
		2D1244BE1531ACB700D841DA /* Sources */ = {
			isa = PBXSourcesBuildPhase;
			buildActionMask = 2147483647;
			files = (
				2D1244D31531ACB700D841DA /* main.m in Sources */,
				2D1244D71531ACB700D841DA /* AppDelegate.m in Sources */,
				2D1244DA1531ACB700D841DA /* ViewController.m in Sources */,
				2D1244EA1531B32D00D841DA /* SFHFKeychainUtils.m in Sources */,
			);
			runOnlyForDeploymentPostprocessing = 0;
		};
/* End PBXSourcesBuildPhase section */

/* Begin PBXVariantGroup section */
		2D1244CF1531ACB700D841DA /* InfoPlist.strings */ = {
			isa = PBXVariantGroup;
			children = (
				2D1244D01531ACB700D841DA /* en */,
			);
			name = InfoPlist.strings;
			sourceTree = "<group>";
		};
		2D1244DB1531ACB700D841DA /* ViewController.xib */ = {
			isa = PBXVariantGroup;
			children = (
				2D1244DC1531ACB700D841DA /* en */,
			);
			name = ViewController.xib;
			sourceTree = "<group>";
		};
/* End PBXVariantGroup section */

/* Begin XCBuildConfiguration section */
		2D1244DE1531ACB700D841DA /* Debug */ = {
			isa = XCBuildConfiguration;
			buildSettings = {
				ALWAYS_SEARCH_USER_PATHS = NO;
				ARCHS = "$(ARCHS_STANDARD_32_BIT)";
				CODE_SIGN_IDENTITY = "";
				"CODE_SIGN_IDENTITY[sdk=iphoneos*]" = "";
				COPY_PHASE_STRIP = NO;
				GCC_C_LANGUAGE_STANDARD = gnu99;
				GCC_DYNAMIC_NO_PIC = NO;
				GCC_OPTIMIZATION_LEVEL = 0;
				GCC_PREPROCESSOR_DEFINITIONS = (
					"DEBUG=1",
					"$(inherited)",
				);
				GCC_SYMBOLS_PRIVATE_EXTERN = NO;
				GCC_VERSION = com.apple.compilers.llvm.clang.1_0;
				GCC_WARN_ABOUT_RETURN_TYPE = YES;
				GCC_WARN_UNINITIALIZED_AUTOS = YES;
				GCC_WARN_UNUSED_VARIABLE = YES;
				IPHONEOS_DEPLOYMENT_TARGET = 5.1;
				SDKROOT = iphoneos;
			};
			name = Debug;
		};
		2D1244DF1531ACB700D841DA /* Release */ = {
			isa = XCBuildConfiguration;
			buildSettings = {
				ALWAYS_SEARCH_USER_PATHS = NO;
				ARCHS = "$(ARCHS_STANDARD_32_BIT)";
				"CODE_SIGN_IDENTITY[sdk=iphoneos*]" = "";
				COPY_PHASE_STRIP = YES;
				GCC_C_LANGUAGE_STANDARD = gnu99;
				GCC_VERSION = com.apple.compilers.llvm.clang.1_0;
				GCC_WARN_ABOUT_RETURN_TYPE = YES;
				GCC_WARN_UNINITIALIZED_AUTOS = YES;
				GCC_WARN_UNUSED_VARIABLE = YES;
				IPHONEOS_DEPLOYMENT_TARGET = 5.1;
				OTHER_CFLAGS = "-DNS_BLOCK_ASSERTIONS=1";
				SDKROOT = iphoneos;
				VALIDATE_PRODUCT = YES;
			};
			name = Release;
		};
		2D1244E11531ACB700D841DA /* Debug */ = {
			isa = XCBuildConfiguration;
			buildSettings = {
				CODE_SIGN_IDENTITY = "iPhone Developer";
				"CODE_SIGN_IDENTITY[sdk=iphoneos*]" = "iPhone Developer";
				GCC_PRECOMPILE_PREFIX_HEADER = YES;
				GCC_PREFIX_HEADER = "IAPNoob/IAPNoob-Prefix.pch";
				INFOPLIST_FILE = "IAPNoob/IAPNoob-Info.plist";
				PRODUCT_NAME = "$(TARGET_NAME)";
				PROVISIONING_PROFILE = "";
				WRAPPER_EXTENSION = app;
			};
			name = Debug;
		};
		2D1244E21531ACB700D841DA /* Release */ = {
			isa = XCBuildConfiguration;
			buildSettings = {
				CODE_SIGN_IDENTITY = "iPhone Developer";
				"CODE_SIGN_IDENTITY[sdk=iphoneos*]" = "iPhone Developer";
				GCC_PRECOMPILE_PREFIX_HEADER = YES;
				GCC_PREFIX_HEADER = "IAPNoob/IAPNoob-Prefix.pch";
				INFOPLIST_FILE = "IAPNoob/IAPNoob-Info.plist";
				PRODUCT_NAME = "$(TARGET_NAME)";
				PROVISIONING_PROFILE = "";
				WRAPPER_EXTENSION = app;
			};
			name = Release;
		};
/* End XCBuildConfiguration section */

/* Begin XCConfigurationList section */
		2D1244BC1531ACB700D841DA /* Build configuration list for PBXProject "IAPNoob" */ = {
			isa = XCConfigurationList;
			buildConfigurations = (
				2D1244DE1531ACB700D841DA /* Debug */,
				2D1244DF1531ACB700D841DA /* Release */,
			);
			defaultConfigurationIsVisible = 0;
			defaultConfigurationName = Release;
		};
		2D1244E01531ACB700D841DA /* Build configuration list for PBXNativeTarget "IAPNoob" */ = {
			isa = XCConfigurationList;
			buildConfigurations = (
				2D1244E11531ACB700D841DA /* Debug */,
				2D1244E21531ACB700D841DA /* Release */,
			);
			defaultConfigurationIsVisible = 0;
			defaultConfigurationName = Release;
		};
/* End XCConfigurationList section */
	};
	rootObject = 2D1244B91531ACB700D841DA /* Project object */;
}
