// !$*UTF8*$!
{
	archiveVersion = 1;
	classes = {
	};
	objectVersion = 46;
	objects = {

/* Begin PBXBuildFile section */
		101D977018E2310E00C3FA40 /* Foundation.framework in Frameworks */ = {isa = PBXBuildFile; fileRef = 101D976F18E2310E00C3FA40 /* Foundation.framework */; };
		101D977218E2310E00C3FA40 /* CoreGraphics.framework in Frameworks */ = {isa = PBXBuildFile; fileRef = 101D977118E2310E00C3FA40 /* CoreGraphics.framework */; };
		101D977418E2310E00C3FA40 /* UIKit.framework in Frameworks */ = {isa = PBXBuildFile; fileRef = 101D977318E2310E00C3FA40 /* UIKit.framework */; };
		101D977A18E2310E00C3FA40 /* InfoPlist.strings in Resources */ = {isa = PBXBuildFile; fileRef = 101D977818E2310E00C3FA40 /* InfoPlist.strings */; };
		101D977C18E2310E00C3FA40 /* main.m in Sources */ = {isa = PBXBuildFile; fileRef = 101D977B18E2310E00C3FA40 /* main.m */; };
		101D978018E2310E00C3FA40 /* AppDelegate.m in Sources */ = {isa = PBXBuildFile; fileRef = 101D977F18E2310E00C3FA40 /* AppDelegate.m */; };
		101D97C918E238FE00C3FA40 /* Default-Landscape@2x~ipad.png in Resources */ = {isa = PBXBuildFile; fileRef = 101D97C818E238FE00C3FA40 /* Default-Landscape@2x~ipad.png */; };
		1083F17618E9F2C900F1DBB6 /* AudioToolbox.framework in Frameworks */ = {isa = PBXBuildFile; fileRef = 1083F17518E9F2C900F1DBB6 /* AudioToolbox.framework */; };
		1086820C18F6584E00FA232A /* AppIconfinaliphone5s.png in Resources */ = {isa = PBXBuildFile; fileRef = 1086820B18F6584E00FA232A /* AppIconfinaliphone5s.png */; };
		93D6D7B11AC24DD300B934B0 /* ViewController.swift in Sources */ = {isa = PBXBuildFile; fileRef = 93D6D7B01AC24DD300B934B0 /* ViewController.swift */; };
		93D6D7B71AC24E5C00B934B0 /* PagedScrollViewController.swift in Sources */ = {isa = PBXBuildFile; fileRef = 93D6D7B21AC24E5C00B934B0 /* PagedScrollViewController.swift */; };
		93D6D7B81AC24E5C00B934B0 /* PagedScrollViewController2.swift in Sources */ = {isa = PBXBuildFile; fileRef = 93D6D7B31AC24E5C00B934B0 /* PagedScrollViewController2.swift */; };
		93D6D7B91AC24E5C00B934B0 /* PagedScrollViewController3.swift in Sources */ = {isa = PBXBuildFile; fileRef = 93D6D7B41AC24E5C00B934B0 /* PagedScrollViewController3.swift */; };
		93D6D7BA1AC24E5C00B934B0 /* PagedScrollViewController4.swift in Sources */ = {isa = PBXBuildFile; fileRef = 93D6D7B51AC24E5C00B934B0 /* PagedScrollViewController4.swift */; };
		93D6D7BB1AC24E5C00B934B0 /* PagedScrollViewController5.swift in Sources */ = {isa = PBXBuildFile; fileRef = 93D6D7B61AC24E5C00B934B0 /* PagedScrollViewController5.swift */; };
		93D6D7C01AC24F7F00B934B0 /* Main.storyboard in Resources */ = {isa = PBXBuildFile; fileRef = 93D6D7BF1AC24F7F00B934B0 /* Main.storyboard */; };
		93D6D7CC1AC24F9E00B934B0 /* comics.png in Resources */ = {isa = PBXBuildFile; fileRef = 93D6D7C11AC24F9E00B934B0 /* comics.png */; };
		93D6D7CD1AC24F9E00B934B0 /* contest.png in Resources */ = {isa = PBXBuildFile; fileRef = 93D6D7C21AC24F9E00B934B0 /* contest.png */; };
		93D6D7CE1AC24F9E00B934B0 /* credits.png in Resources */ = {isa = PBXBuildFile; fileRef = 93D6D7C31AC24F9E00B934B0 /* credits.png */; };
		93D6D7CF1AC24F9E00B934B0 /* pack2.png in Resources */ = {isa = PBXBuildFile; fileRef = 93D6D7C41AC24F9E00B934B0 /* pack2.png */; };
		93D6D7D01AC24F9E00B934B0 /* pack3.png in Resources */ = {isa = PBXBuildFile; fileRef = 93D6D7C51AC24F9E00B934B0 /* pack3.png */; };
		93D6D7D11AC24F9E00B934B0 /* pack4.png in Resources */ = {isa = PBXBuildFile; fileRef = 93D6D7C61AC24F9E00B934B0 /* pack4.png */; };
		93D6D7D21AC24F9E00B934B0 /* pack1.png in Resources */ = {isa = PBXBuildFile; fileRef = 93D6D7C71AC24F9E00B934B0 /* pack1.png */; };
		93D6D7D31AC24F9E00B934B0 /* pack5.png in Resources */ = {isa = PBXBuildFile; fileRef = 93D6D7C81AC24F9E00B934B0 /* pack5.png */; };
		93D6D7D41AC24F9E00B934B0 /* pack6.png in Resources */ = {isa = PBXBuildFile; fileRef = 93D6D7C91AC24F9E00B934B0 /* pack6.png */; };
		93D6D7D51AC24F9E00B934B0 /* Reasons3BackButton.png in Resources */ = {isa = PBXBuildFile; fileRef = 93D6D7CA1AC24F9E00B934B0 /* Reasons3BackButton.png */; };
		93D6D7DC1AC24FB200B934B0 /* P5C1.jpg in Resources */ = {isa = PBXBuildFile; fileRef = 93D6D7D71AC24FB200B934B0 /* P5C1.jpg */; };
		93D6D7DD1AC24FB200B934B0 /* P5C2.jpg in Resources */ = {isa = PBXBuildFile; fileRef = 93D6D7D81AC24FB200B934B0 /* P5C2.jpg */; };
		93D6D7DE1AC24FB200B934B0 /* P5C3.jpg in Resources */ = {isa = PBXBuildFile; fileRef = 93D6D7D91AC24FB200B934B0 /* P5C3.jpg */; };
		93D6D7DF1AC24FB200B934B0 /* P5C4.jpg in Resources */ = {isa = PBXBuildFile; fileRef = 93D6D7DA1AC24FB200B934B0 /* P5C4.jpg */; };
		93D6D7E01AC24FB200B934B0 /* P5C5.jpg in Resources */ = {isa = PBXBuildFile; fileRef = 93D6D7DB1AC24FB200B934B0 /* P5C5.jpg */; };
		93D6D7E61AC24FED00B934B0 /* Reasons3Construction.jpg in Resources */ = {isa = PBXBuildFile; fileRef = 93D6D7E11AC24FED00B934B0 /* Reasons3Construction.jpg */; };
		93D6D7E71AC24FED00B934B0 /* Reasons3Icon.jpg in Resources */ = {isa = PBXBuildFile; fileRef = 93D6D7E21AC24FED00B934B0 /* Reasons3Icon.jpg */; };
		93D6D7E81AC24FED00B934B0 /* Reasons3Logo.png in Resources */ = {isa = PBXBuildFile; fileRef = 93D6D7E31AC24FED00B934B0 /* Reasons3Logo.png */; };
		93D6D7E91AC24FED00B934B0 /* Reasons3Pages.jpg in Resources */ = {isa = PBXBuildFile; fileRef = 93D6D7E41AC24FED00B934B0 /* Reasons3Pages.jpg */; };
		93D6D7EA1AC24FED00B934B0 /* Reasons3SwipeToNavigate.png in Resources */ = {isa = PBXBuildFile; fileRef = 93D6D7E51AC24FED00B934B0 /* Reasons3SwipeToNavigate.png */; };
		93D6D7EC1AC2500100B934B0 /* ViewController.swift in Sources */ = {isa = PBXBuildFile; fileRef = 93D6D7EB1AC2500100B934B0 /* ViewController.swift */; };
		93D6D7EE1AC2501D00B934B0 /* Images.xcassets in Resources */ = {isa = PBXBuildFile; fileRef = 93D6D7ED1AC2501D00B934B0 /* Images.xcassets */; };
/* End PBXBuildFile section */

/* Begin PBXFileReference section */
		101D976C18E2310E00C3FA40 /* reasons.app */ = {isa = PBXFileReference; explicitFileType = wrapper.application; includeInIndex = 0; path = reasons.app; sourceTree = BUILT_PRODUCTS_DIR; };
		101D976F18E2310E00C3FA40 /* Foundation.framework */ = {isa = PBXFileReference; lastKnownFileType = wrapper.framework; name = Foundation.framework; path = System/Library/Frameworks/Foundation.framework; sourceTree = SDKROOT; };
		101D977118E2310E00C3FA40 /* CoreGraphics.framework */ = {isa = PBXFileReference; lastKnownFileType = wrapper.framework; name = CoreGraphics.framework; path = System/Library/Frameworks/CoreGraphics.framework; sourceTree = SDKROOT; };
		101D977318E2310E00C3FA40 /* UIKit.framework */ = {isa = PBXFileReference; lastKnownFileType = wrapper.framework; name = UIKit.framework; path = System/Library/Frameworks/UIKit.framework; sourceTree = SDKROOT; };
		101D977718E2310E00C3FA40 /* reasons-Info.plist */ = {isa = PBXFileReference; lastKnownFileType = text.plist.xml; path = "reasons-Info.plist"; sourceTree = "<group>"; };
		101D977918E2310E00C3FA40 /* en */ = {isa = PBXFileReference; lastKnownFileType = text.plist.strings; name = en; path = en.lproj/InfoPlist.strings; sourceTree = "<group>"; };
		101D977B18E2310E00C3FA40 /* main.m */ = {isa = PBXFileReference; lastKnownFileType = sourcecode.c.objc; path = main.m; sourceTree = "<group>"; };
		101D977D18E2310E00C3FA40 /* reasons-Prefix.pch */ = {isa = PBXFileReference; lastKnownFileType = sourcecode.c.h; path = "reasons-Prefix.pch"; sourceTree = "<group>"; };
		101D977E18E2310E00C3FA40 /* AppDelegate.h */ = {isa = PBXFileReference; lastKnownFileType = sourcecode.c.h; path = AppDelegate.h; sourceTree = "<group>"; };
		101D977F18E2310E00C3FA40 /* AppDelegate.m */ = {isa = PBXFileReference; lastKnownFileType = sourcecode.c.objc; path = AppDelegate.m; sourceTree = "<group>"; };
		101D979618E2310E00C3FA40 /* reasonsTests-Info.plist */ = {isa = PBXFileReference; lastKnownFileType = text.plist.xml; path = "reasonsTests-Info.plist"; sourceTree = "<group>"; };
		101D979818E2310E00C3FA40 /* en */ = {isa = PBXFileReference; lastKnownFileType = text.plist.strings; name = en; path = en.lproj/InfoPlist.strings; sourceTree = "<group>"; };
		101D979A18E2310E00C3FA40 /* reasonsTests.m */ = {isa = PBXFileReference; lastKnownFileType = sourcecode.c.objc; path = reasonsTests.m; sourceTree = "<group>"; };
		101D97C818E238FE00C3FA40 /* Default-Landscape@2x~ipad.png */ = {isa = PBXFileReference; lastKnownFileType = image.png; path = "Default-Landscape@2x~ipad.png"; sourceTree = "<group>"; };
		1083F17418E9F2C900F1DBB6 /* reasons.entitlements */ = {isa = PBXFileReference; lastKnownFileType = text.xml; path = reasons.entitlements; sourceTree = "<group>"; };
		1083F17518E9F2C900F1DBB6 /* AudioToolbox.framework */ = {isa = PBXFileReference; lastKnownFileType = wrapper.framework; name = AudioToolbox.framework; path = System/Library/Frameworks/AudioToolbox.framework; sourceTree = SDKROOT; };
		1086820B18F6584E00FA232A /* AppIconfinaliphone5s.png */ = {isa = PBXFileReference; lastKnownFileType = image.png; name = AppIconfinaliphone5s.png; path = ../../AppIconfinaliphone5s.png; sourceTree = "<group>"; };
		93D6D7B01AC24DD300B934B0 /* ViewController.swift */ = {isa = PBXFileReference; fileEncoding = 4; lastKnownFileType = sourcecode.swift; path = ViewController.swift; sourceTree = "<group>"; };
		93D6D7B21AC24E5C00B934B0 /* PagedScrollViewController.swift */ = {isa = PBXFileReference; fileEncoding = 4; lastKnownFileType = sourcecode.swift; path = PagedScrollViewController.swift; sourceTree = "<group>"; };
		93D6D7B31AC24E5C00B934B0 /* PagedScrollViewController2.swift */ = {isa = PBXFileReference; fileEncoding = 4; lastKnownFileType = sourcecode.swift; path = PagedScrollViewController2.swift; sourceTree = "<group>"; };
		93D6D7B41AC24E5C00B934B0 /* PagedScrollViewController3.swift */ = {isa = PBXFileReference; fileEncoding = 4; lastKnownFileType = sourcecode.swift; path = PagedScrollViewController3.swift; sourceTree = "<group>"; };
		93D6D7B51AC24E5C00B934B0 /* PagedScrollViewController4.swift */ = {isa = PBXFileReference; fileEncoding = 4; lastKnownFileType = sourcecode.swift; path = PagedScrollViewController4.swift; sourceTree = "<group>"; };
		93D6D7B61AC24E5C00B934B0 /* PagedScrollViewController5.swift */ = {isa = PBXFileReference; fileEncoding = 4; lastKnownFileType = sourcecode.swift; path = PagedScrollViewController5.swift; sourceTree = "<group>"; };
		93D6D7BF1AC24F7F00B934B0 /* Main.storyboard */ = {isa = PBXFileReference; fileEncoding = 4; lastKnownFileType = file.storyboard; path = Main.storyboard; sourceTree = "<group>"; };
		93D6D7C11AC24F9E00B934B0 /* comics.png */ = {isa = PBXFileReference; lastKnownFileType = image.png; path = comics.png; sourceTree = "<group>"; };
		93D6D7C21AC24F9E00B934B0 /* contest.png */ = {isa = PBXFileReference; lastKnownFileType = image.png; path = contest.png; sourceTree = "<group>"; };
		93D6D7C31AC24F9E00B934B0 /* credits.png */ = {isa = PBXFileReference; lastKnownFileType = image.png; path = credits.png; sourceTree = "<group>"; };
		93D6D7C41AC24F9E00B934B0 /* pack2.png */ = {isa = PBXFileReference; lastKnownFileType = image.png; path = pack2.png; sourceTree = "<group>"; };
		93D6D7C51AC24F9E00B934B0 /* pack3.png */ = {isa = PBXFileReference; lastKnownFileType = image.png; path = pack3.png; sourceTree = "<group>"; };
		93D6D7C61AC24F9E00B934B0 /* pack4.png */ = {isa = PBXFileReference; lastKnownFileType = image.png; path = pack4.png; sourceTree = "<group>"; };
		93D6D7C71AC24F9E00B934B0 /* pack1.png */ = {isa = PBXFileReference; lastKnownFileType = image.png; path = pack1.png; sourceTree = "<group>"; };
		93D6D7C81AC24F9E00B934B0 /* pack5.png */ = {isa = PBXFileReference; lastKnownFileType = image.png; path = pack5.png; sourceTree = "<group>"; };
		93D6D7C91AC24F9E00B934B0 /* pack6.png */ = {isa = PBXFileReference; lastKnownFileType = image.png; path = pack6.png; sourceTree = "<group>"; };
		93D6D7CA1AC24F9E00B934B0 /* Reasons3BackButton.png */ = {isa = PBXFileReference; lastKnownFileType = image.png; path = Reasons3BackButton.png; sourceTree = "<group>"; };
		93D6D7D71AC24FB200B934B0 /* P5C1.jpg */ = {isa = PBXFileReference; lastKnownFileType = image.jpeg; path = P5C1.jpg; sourceTree = "<group>"; };
		93D6D7D81AC24FB200B934B0 /* P5C2.jpg */ = {isa = PBXFileReference; lastKnownFileType = image.jpeg; path = P5C2.jpg; sourceTree = "<group>"; };
		93D6D7D91AC24FB200B934B0 /* P5C3.jpg */ = {isa = PBXFileReference; lastKnownFileType = image.jpeg; path = P5C3.jpg; sourceTree = "<group>"; };
		93D6D7DA1AC24FB200B934B0 /* P5C4.jpg */ = {isa = PBXFileReference; lastKnownFileType = image.jpeg; path = P5C4.jpg; sourceTree = "<group>"; };
		93D6D7DB1AC24FB200B934B0 /* P5C5.jpg */ = {isa = PBXFileReference; lastKnownFileType = image.jpeg; path = P5C5.jpg; sourceTree = "<group>"; };
		93D6D7E11AC24FED00B934B0 /* Reasons3Construction.jpg */ = {isa = PBXFileReference; lastKnownFileType = image.jpeg; name = Reasons3Construction.jpg; path = "../../../reasosns/reasosns/reasons final/Reasons3Construction.jpg"; sourceTree = "<group>"; };
		93D6D7E21AC24FED00B934B0 /* Reasons3Icon.jpg */ = {isa = PBXFileReference; lastKnownFileType = image.jpeg; name = Reasons3Icon.jpg; path = "../../../reasosns/reasosns/reasons final/Reasons3Icon.jpg"; sourceTree = "<group>"; };
		93D6D7E31AC24FED00B934B0 /* Reasons3Logo.png */ = {isa = PBXFileReference; lastKnownFileType = image.png; name = Reasons3Logo.png; path = "../../../reasosns/reasosns/reasons final/Reasons3Logo.png"; sourceTree = "<group>"; };
		93D6D7E41AC24FED00B934B0 /* Reasons3Pages.jpg */ = {isa = PBXFileReference; lastKnownFileType = image.jpeg; name = Reasons3Pages.jpg; path = "../../../reasosns/reasosns/reasons final/Reasons3Pages.jpg"; sourceTree = "<group>"; };
		93D6D7E51AC24FED00B934B0 /* Reasons3SwipeToNavigate.png */ = {isa = PBXFileReference; lastKnownFileType = image.png; name = Reasons3SwipeToNavigate.png; path = "../../../reasosns/reasosns/reasons final/Reasons3SwipeToNavigate.png"; sourceTree = "<group>"; };
		93D6D7EB1AC2500100B934B0 /* ViewController.swift */ = {isa = PBXFileReference; fileEncoding = 4; lastKnownFileType = sourcecode.swift; name = ViewController.swift; path = ../../../reasosns/reasosns/ViewController.swift; sourceTree = "<group>"; };
		93D6D7ED1AC2501D00B934B0 /* Images.xcassets */ = {isa = PBXFileReference; lastKnownFileType = folder.assetcatalog; name = Images.xcassets; path = ../../../reasosns/reasosns/Images.xcassets; sourceTree = "<group>"; };
/* End PBXFileReference section */

/* Begin PBXFrameworksBuildPhase section */
		101D976918E2310E00C3FA40 /* Frameworks */ = {
			isa = PBXFrameworksBuildPhase;
			buildActionMask = 2147483647;
			files = (
				101D977218E2310E00C3FA40 /* CoreGraphics.framework in Frameworks */,
				101D977418E2310E00C3FA40 /* UIKit.framework in Frameworks */,
				101D977018E2310E00C3FA40 /* Foundation.framework in Frameworks */,
				1083F17618E9F2C900F1DBB6 /* AudioToolbox.framework in Frameworks */,
			);
			runOnlyForDeploymentPostprocessing = 0;
		};
/* End PBXFrameworksBuildPhase section */

/* Begin PBXGroup section */
		101D976318E2310E00C3FA40 = {
			isa = PBXGroup;
			children = (
				93D6D7B01AC24DD300B934B0 /* ViewController.swift */,
				101D97C818E238FE00C3FA40 /* Default-Landscape@2x~ipad.png */,
				93D6D7B21AC24E5C00B934B0 /* PagedScrollViewController.swift */,
				93D6D7B31AC24E5C00B934B0 /* PagedScrollViewController2.swift */,
				93D6D7B41AC24E5C00B934B0 /* PagedScrollViewController3.swift */,
				93D6D7B51AC24E5C00B934B0 /* PagedScrollViewController4.swift */,
				93D6D7B61AC24E5C00B934B0 /* PagedScrollViewController5.swift */,
				93D6D7BF1AC24F7F00B934B0 /* Main.storyboard */,
				101D977518E2310E00C3FA40 /* reasons */,
				101D979418E2310E00C3FA40 /* reasonsTests */,
				101D976E18E2310E00C3FA40 /* Frameworks */,
				101D976D18E2310E00C3FA40 /* Products */,
			);
			sourceTree = "<group>";
		};
		101D976D18E2310E00C3FA40 /* Products */ = {
			isa = PBXGroup;
			children = (
				101D976C18E2310E00C3FA40 /* reasons.app */,
			);
			name = Products;
			sourceTree = "<group>";
		};
		101D976E18E2310E00C3FA40 /* Frameworks */ = {
			isa = PBXGroup;
			children = (
				1083F17518E9F2C900F1DBB6 /* AudioToolbox.framework */,
				101D976F18E2310E00C3FA40 /* Foundation.framework */,
				101D977118E2310E00C3FA40 /* CoreGraphics.framework */,
				101D977318E2310E00C3FA40 /* UIKit.framework */,
			);
			name = Frameworks;
			sourceTree = "<group>";
		};
		101D977518E2310E00C3FA40 /* reasons */ = {
			isa = PBXGroup;
			children = (
				1083F17418E9F2C900F1DBB6 /* reasons.entitlements */,
				101D977E18E2310E00C3FA40 /* AppDelegate.h */,
				101D977F18E2310E00C3FA40 /* AppDelegate.m */,
				93D6D7ED1AC2501D00B934B0 /* Images.xcassets */,
				93D6D7EB1AC2500100B934B0 /* ViewController.swift */,
				101D977618E2310E00C3FA40 /* Supporting Files */,
			);
			path = reasons;
			sourceTree = "<group>";
		};
		101D977618E2310E00C3FA40 /* Supporting Files */ = {
			isa = PBXGroup;
			children = (
				101D977718E2310E00C3FA40 /* reasons-Info.plist */,
				101D977818E2310E00C3FA40 /* InfoPlist.strings */,
				93D6D7E11AC24FED00B934B0 /* Reasons3Construction.jpg */,
				93D6D7E21AC24FED00B934B0 /* Reasons3Icon.jpg */,
				93D6D7E31AC24FED00B934B0 /* Reasons3Logo.png */,
				93D6D7E41AC24FED00B934B0 /* Reasons3Pages.jpg */,
				93D6D7E51AC24FED00B934B0 /* Reasons3SwipeToNavigate.png */,
				101D977B18E2310E00C3FA40 /* main.m */,
				101D977D18E2310E00C3FA40 /* reasons-Prefix.pch */,
			);
			name = "Supporting Files";
			sourceTree = "<group>";
		};
		101D979418E2310E00C3FA40 /* reasonsTests */ = {
			isa = PBXGroup;
			children = (
				101D979A18E2310E00C3FA40 /* reasonsTests.m */,
				93D6D7C11AC24F9E00B934B0 /* comics.png */,
				93D6D7C21AC24F9E00B934B0 /* contest.png */,
				93D6D7C31AC24F9E00B934B0 /* credits.png */,
				93D6D7C41AC24F9E00B934B0 /* pack2.png */,
				93D6D7C51AC24F9E00B934B0 /* pack3.png */,
				93D6D7C61AC24F9E00B934B0 /* pack4.png */,
				93D6D7C71AC24F9E00B934B0 /* pack1.png */,
				93D6D7C81AC24F9E00B934B0 /* pack5.png */,
				93D6D7C91AC24F9E00B934B0 /* pack6.png */,
				93D6D7CA1AC24F9E00B934B0 /* Reasons3BackButton.png */,
				93D6D7D71AC24FB200B934B0 /* P5C1.jpg */,
				93D6D7D81AC24FB200B934B0 /* P5C2.jpg */,
				93D6D7D91AC24FB200B934B0 /* P5C3.jpg */,
				93D6D7DA1AC24FB200B934B0 /* P5C4.jpg */,
				93D6D7DB1AC24FB200B934B0 /* P5C5.jpg */,
				101D979518E2310E00C3FA40 /* Supporting Files */,
			);
			path = reasonsTests;
			sourceTree = "<group>";
		};
		101D979518E2310E00C3FA40 /* Supporting Files */ = {
			isa = PBXGroup;
			children = (
				101D979618E2310E00C3FA40 /* reasonsTests-Info.plist */,
				101D979718E2310E00C3FA40 /* InfoPlist.strings */,
			);
			name = "Supporting Files";
			sourceTree = "<group>";
		};
/* End PBXGroup section */

/* Begin PBXNativeTarget section */
		101D976B18E2310E00C3FA40 /* reasons */ = {
			isa = PBXNativeTarget;
			buildConfigurationList = 101D979E18E2310E00C3FA40 /* Build configuration list for PBXNativeTarget "reasons" */;
			buildPhases = (
				101D976818E2310E00C3FA40 /* Sources */,
				101D976918E2310E00C3FA40 /* Frameworks */,
				101D976A18E2310E00C3FA40 /* Resources */,
			);
			buildRules = (
			);
			dependencies = (
			);
			name = reasons;
			productName = reasons;
			productReference = 101D976C18E2310E00C3FA40 /* reasons.app */;
			productType = "com.apple.product-type.application";
		};
/* End PBXNativeTarget section */

/* Begin PBXProject section */
		101D976418E2310E00C3FA40 /* Project object */ = {
			isa = PBXProject;
			attributes = {
				LastUpgradeCheck = 0510;
				ORGANIZATIONNAME = reasons;
				TargetAttributes = {
					101D976B18E2310E00C3FA40 = {
						DevelopmentTeam = 2U2K8SJ7Q7;
						SystemCapabilities = {
							com.apple.InAppPurchase = {
								enabled = 0;
							};
							com.apple.OMC = {
								enabled = 0;
							};
						};
					};
				};
			};
			buildConfigurationList = 101D976718E2310E00C3FA40 /* Build configuration list for PBXProject "Reasons" */;
			compatibilityVersion = "Xcode 3.2";
			developmentRegion = English;
			hasScannedForEncodings = 0;
			knownRegions = (
				en,
				Base,
			);
			mainGroup = 101D976318E2310E00C3FA40;
			productRefGroup = 101D976D18E2310E00C3FA40 /* Products */;
			projectDirPath = "";
			projectRoot = "";
			targets = (
				101D976B18E2310E00C3FA40 /* reasons */,
			);
		};
/* End PBXProject section */

/* Begin PBXResourcesBuildPhase section */
		101D976A18E2310E00C3FA40 /* Resources */ = {
			isa = PBXResourcesBuildPhase;
			buildActionMask = 2147483647;
			files = (
				93D6D7D31AC24F9E00B934B0 /* pack5.png in Resources */,
				93D6D7EE1AC2501D00B934B0 /* Images.xcassets in Resources */,
				93D6D7E81AC24FED00B934B0 /* Reasons3Logo.png in Resources */,
				93D6D7E01AC24FB200B934B0 /* P5C5.jpg in Resources */,
				93D6D7DE1AC24FB200B934B0 /* P5C3.jpg in Resources */,
				93D6D7DC1AC24FB200B934B0 /* P5C1.jpg in Resources */,
				93D6D7E91AC24FED00B934B0 /* Reasons3Pages.jpg in Resources */,
				101D977A18E2310E00C3FA40 /* InfoPlist.strings in Resources */,
				93D6D7DF1AC24FB200B934B0 /* P5C4.jpg in Resources */,
				93D6D7DD1AC24FB200B934B0 /* P5C2.jpg in Resources */,
				93D6D7D51AC24F9E00B934B0 /* Reasons3BackButton.png in Resources */,
				93D6D7EA1AC24FED00B934B0 /* Reasons3SwipeToNavigate.png in Resources */,
				93D6D7D21AC24F9E00B934B0 /* pack1.png in Resources */,
				93D6D7C01AC24F7F00B934B0 /* Main.storyboard in Resources */,
				93D6D7CE1AC24F9E00B934B0 /* credits.png in Resources */,
				101D97C918E238FE00C3FA40 /* Default-Landscape@2x~ipad.png in Resources */,
				93D6D7E61AC24FED00B934B0 /* Reasons3Construction.jpg in Resources */,
				93D6D7D01AC24F9E00B934B0 /* pack3.png in Resources */,
				1086820C18F6584E00FA232A /* AppIconfinaliphone5s.png in Resources */,
				93D6D7CD1AC24F9E00B934B0 /* contest.png in Resources */,
				93D6D7D41AC24F9E00B934B0 /* pack6.png in Resources */,
				93D6D7CC1AC24F9E00B934B0 /* comics.png in Resources */,
				93D6D7CF1AC24F9E00B934B0 /* pack2.png in Resources */,
				93D6D7D11AC24F9E00B934B0 /* pack4.png in Resources */,
				93D6D7E71AC24FED00B934B0 /* Reasons3Icon.jpg in Resources */,
			);
			runOnlyForDeploymentPostprocessing = 0;
		};
/* End PBXResourcesBuildPhase section */

/* Begin PBXSourcesBuildPhase section */
		101D976818E2310E00C3FA40 /* Sources */ = {
			isa = PBXSourcesBuildPhase;
			buildActionMask = 2147483647;
			files = (
				93D6D7B91AC24E5C00B934B0 /* PagedScrollViewController3.swift in Sources */,
				93D6D7B81AC24E5C00B934B0 /* PagedScrollViewController2.swift in Sources */,
				93D6D7B11AC24DD300B934B0 /* ViewController.swift in Sources */,
				93D6D7EC1AC2500100B934B0 /* ViewController.swift in Sources */,
				93D6D7BA1AC24E5C00B934B0 /* PagedScrollViewController4.swift in Sources */,
				93D6D7B71AC24E5C00B934B0 /* PagedScrollViewController.swift in Sources */,
				101D978018E2310E00C3FA40 /* AppDelegate.m in Sources */,
				93D6D7BB1AC24E5C00B934B0 /* PagedScrollViewController5.swift in Sources */,
				101D977C18E2310E00C3FA40 /* main.m in Sources */,
			);
			runOnlyForDeploymentPostprocessing = 0;
		};
/* End PBXSourcesBuildPhase section */

/* Begin PBXVariantGroup section */
		101D977818E2310E00C3FA40 /* InfoPlist.strings */ = {
			isa = PBXVariantGroup;
			children = (
				101D977918E2310E00C3FA40 /* en */,
			);
			name = InfoPlist.strings;
			sourceTree = "<group>";
		};
		101D979718E2310E00C3FA40 /* InfoPlist.strings */ = {
			isa = PBXVariantGroup;
			children = (
				101D979818E2310E00C3FA40 /* en */,
			);
			name = InfoPlist.strings;
			sourceTree = "<group>";
		};
/* End PBXVariantGroup section */

/* Begin XCBuildConfiguration section */
		101D979C18E2310E00C3FA40 /* Debug */ = {
			isa = XCBuildConfiguration;
			buildSettings = {
				ALWAYS_SEARCH_USER_PATHS = NO;
				CLANG_CXX_LANGUAGE_STANDARD = "gnu++0x";
				CLANG_CXX_LIBRARY = "libc++";
				CLANG_ENABLE_MODULES = YES;
				CLANG_ENABLE_OBJC_ARC = YES;
				CLANG_WARN_BOOL_CONVERSION = YES;
				CLANG_WARN_CONSTANT_CONVERSION = YES;
				CLANG_WARN_DIRECT_OBJC_ISA_USAGE = YES_ERROR;
				CLANG_WARN_EMPTY_BODY = YES;
				CLANG_WARN_ENUM_CONVERSION = YES;
				CLANG_WARN_INT_CONVERSION = YES;
				CLANG_WARN_OBJC_ROOT_CLASS = YES_ERROR;
				CLANG_WARN__DUPLICATE_METHOD_MATCH = YES;
				"CODE_SIGN_IDENTITY[sdk=iphoneos*]" = "iPhone Developer";
				COPY_PHASE_STRIP = NO;
				GCC_C_LANGUAGE_STANDARD = gnu99;
				GCC_DYNAMIC_NO_PIC = NO;
				GCC_OPTIMIZATION_LEVEL = 0;
				GCC_PREPROCESSOR_DEFINITIONS = (
					"DEBUG=1",
					"$(inherited)",
				);
				GCC_SYMBOLS_PRIVATE_EXTERN = NO;
				GCC_WARN_64_TO_32_BIT_CONVERSION = YES;
				GCC_WARN_ABOUT_RETURN_TYPE = YES_ERROR;
				GCC_WARN_UNDECLARED_SELECTOR = YES;
				GCC_WARN_UNINITIALIZED_AUTOS = YES_AGGRESSIVE;
				GCC_WARN_UNUSED_FUNCTION = YES;
				GCC_WARN_UNUSED_VARIABLE = YES;
				IPHONEOS_DEPLOYMENT_TARGET = 7.1;
				ONLY_ACTIVE_ARCH = YES;
				SDKROOT = iphoneos;
			};
			name = Debug;
		};
		101D979D18E2310E00C3FA40 /* Release */ = {
			isa = XCBuildConfiguration;
			buildSettings = {
				ALWAYS_SEARCH_USER_PATHS = NO;
				CLANG_CXX_LANGUAGE_STANDARD = "gnu++0x";
				CLANG_CXX_LIBRARY = "libc++";
				CLANG_ENABLE_MODULES = YES;
				CLANG_ENABLE_OBJC_ARC = YES;
				CLANG_WARN_BOOL_CONVERSION = YES;
				CLANG_WARN_CONSTANT_CONVERSION = YES;
				CLANG_WARN_DIRECT_OBJC_ISA_USAGE = YES_ERROR;
				CLANG_WARN_EMPTY_BODY = YES;
				CLANG_WARN_ENUM_CONVERSION = YES;
				CLANG_WARN_INT_CONVERSION = YES;
				CLANG_WARN_OBJC_ROOT_CLASS = YES_ERROR;
				CLANG_WARN__DUPLICATE_METHOD_MATCH = YES;
				"CODE_SIGN_IDENTITY[sdk=iphoneos*]" = "iPhone Developer";
				COPY_PHASE_STRIP = YES;
				ENABLE_NS_ASSERTIONS = NO;
				GCC_C_LANGUAGE_STANDARD = gnu99;
				GCC_WARN_64_TO_32_BIT_CONVERSION = YES;
				GCC_WARN_ABOUT_RETURN_TYPE = YES_ERROR;
				GCC_WARN_UNDECLARED_SELECTOR = YES;
				GCC_WARN_UNINITIALIZED_AUTOS = YES_AGGRESSIVE;
				GCC_WARN_UNUSED_FUNCTION = YES;
				GCC_WARN_UNUSED_VARIABLE = YES;
				IPHONEOS_DEPLOYMENT_TARGET = 7.1;
				SDKROOT = iphoneos;
				VALIDATE_PRODUCT = YES;
			};
			name = Release;
		};
		101D979F18E2310E00C3FA40 /* Debug */ = {
			isa = XCBuildConfiguration;
			buildSettings = {
				ASSETCATALOG_COMPILER_APPICON_NAME = "AppIcon-1";
				CLANG_ENABLE_MODULES = YES;
				CODE_SIGN_ENTITLEMENTS = reasons/reasons.entitlements;
				CODE_SIGN_IDENTITY = "iPhone Developer";
				"CODE_SIGN_IDENTITY[sdk=iphoneos*]" = "iPhone Developer";
				GCC_PRECOMPILE_PREFIX_HEADER = YES;
				GCC_PREFIX_HEADER = "reasons/reasons-Prefix.pch";
				INFOPLIST_FILE = "reasons/reasons-Info.plist";
				IPHONEOS_DEPLOYMENT_TARGET = 8.2;
				LD_RUNPATH_SEARCH_PATHS = "$(inherited) @executable_path/Frameworks";
				PRODUCT_NAME = "$(TARGET_NAME)";
				PROVISIONING_PROFILE = "";
				SWIFT_OBJC_BRIDGING_HEADER = "reasons-Bridging-Header.h";
				SWIFT_OPTIMIZATION_LEVEL = "-Onone";
				TARGETED_DEVICE_FAMILY = 1;
				WRAPPER_EXTENSION = app;
			};
			name = Debug;
		};
		101D97A018E2310E00C3FA40 /* Release */ = {
			isa = XCBuildConfiguration;
			buildSettings = {
				ASSETCATALOG_COMPILER_APPICON_NAME = "AppIcon-1";
				CLANG_ENABLE_MODULES = YES;
				CODE_SIGN_ENTITLEMENTS = reasons/reasons.entitlements;
				CODE_SIGN_IDENTITY = "iPhone Developer";
				"CODE_SIGN_IDENTITY[sdk=iphoneos*]" = "iPhone Developer";
				GCC_PRECOMPILE_PREFIX_HEADER = YES;
				GCC_PREFIX_HEADER = "reasons/reasons-Prefix.pch";
				INFOPLIST_FILE = "reasons/reasons-Info.plist";
				IPHONEOS_DEPLOYMENT_TARGET = 8.2;
				LD_RUNPATH_SEARCH_PATHS = "$(inherited) @executable_path/Frameworks";
				PRODUCT_NAME = "$(TARGET_NAME)";
				PROVISIONING_PROFILE = "";
				SWIFT_OBJC_BRIDGING_HEADER = "reasons-Bridging-Header.h";
				SWIFT_OPTIMIZATION_LEVEL = "-Onone";
				TARGETED_DEVICE_FAMILY = 1;
				WRAPPER_EXTENSION = app;
			};
			name = Release;
		};
/* End XCBuildConfiguration section */

/* Begin XCConfigurationList section */
		101D976718E2310E00C3FA40 /* Build configuration list for PBXProject "Reasons" */ = {
			isa = XCConfigurationList;
			buildConfigurations = (
				101D979C18E2310E00C3FA40 /* Debug */,
				101D979D18E2310E00C3FA40 /* Release */,
			);
			defaultConfigurationIsVisible = 0;
			defaultConfigurationName = Release;
		};
		101D979E18E2310E00C3FA40 /* Build configuration list for PBXNativeTarget "reasons" */ = {
			isa = XCConfigurationList;
			buildConfigurations = (
				101D979F18E2310E00C3FA40 /* Debug */,
				101D97A018E2310E00C3FA40 /* Release */,
			);
			defaultConfigurationIsVisible = 0;
			defaultConfigurationName = Release;
		};
/* End XCConfigurationList section */
	};
	rootObject = 101D976418E2310E00C3FA40 /* Project object */;
}
