// !$*UTF8*$!
{
	archiveVersion = 1;
	classes = {
	};
	objectVersion = 46;
	objects = {

/* Begin PBXBuildFile section */
		101D977018E2310E00C3FA40 /* Foundation.framework in Frameworks */ = {isa = PBXBuildFile; fileRef = 101D976F18E2310E00C3FA40 /* Foundation.framework */; };
		101D977218E2310E00C3FA40 /* CoreGraphics.framework in Frameworks */ = {isa = PBXBuildFile; fileRef = 101D977118E2310E00C3FA40 /* CoreGraphics.framework */; };
		101D977418E2310E00C3FA40 /* UIKit.framework in Frameworks */ = {isa = PBXBuildFile; fileRef = 101D977318E2310E00C3FA40 /* UIKit.framework */; };
		101D977A18E2310E00C3FA40 /* InfoPlist.strings in Resources */ = {isa = PBXBuildFile; fileRef = 101D977818E2310E00C3FA40 /* InfoPlist.strings */; };
		101D977C18E2310E00C3FA40 /* main.m in Sources */ = {isa = PBXBuildFile; fileRef = 101D977B18E2310E00C3FA40 /* main.m */; };
		101D978018E2310E00C3FA40 /* AppDelegate.m in Sources */ = {isa = PBXBuildFile; fileRef = 101D977F18E2310E00C3FA40 /* AppDelegate.m */; };
		101D978318E2310E00C3FA40 /* Main.storyboard in Resources */ = {isa = PBXBuildFile; fileRef = 101D978118E2310E00C3FA40 /* Main.storyboard */; };
		101D978618E2310E00C3FA40 /* ViewController.m in Sources */ = {isa = PBXBuildFile; fileRef = 101D978518E2310E00C3FA40 /* ViewController.m */; };
		101D978818E2310E00C3FA40 /* Images.xcassets in Resources */ = {isa = PBXBuildFile; fileRef = 101D978718E2310E00C3FA40 /* Images.xcassets */; };
		101D978F18E2310E00C3FA40 /* XCTest.framework in Frameworks */ = {isa = PBXBuildFile; fileRef = 101D978E18E2310E00C3FA40 /* XCTest.framework */; };
		101D979018E2310E00C3FA40 /* Foundation.framework in Frameworks */ = {isa = PBXBuildFile; fileRef = 101D976F18E2310E00C3FA40 /* Foundation.framework */; };
		101D979118E2310E00C3FA40 /* UIKit.framework in Frameworks */ = {isa = PBXBuildFile; fileRef = 101D977318E2310E00C3FA40 /* UIKit.framework */; };
		101D979918E2310E00C3FA40 /* InfoPlist.strings in Resources */ = {isa = PBXBuildFile; fileRef = 101D979718E2310E00C3FA40 /* InfoPlist.strings */; };
		101D979B18E2310E00C3FA40 /* reasonsTests.m in Sources */ = {isa = PBXBuildFile; fileRef = 101D979A18E2310E00C3FA40 /* reasonsTests.m */; };
/* End PBXBuildFile section */

/* Begin PBXContainerItemProxy section */
		101D979218E2310E00C3FA40 /* PBXContainerItemProxy */ = {
			isa = PBXContainerItemProxy;
			containerPortal = 101D976418E2310E00C3FA40 /* Project object */;
			proxyType = 1;
			remoteGlobalIDString = 101D976B18E2310E00C3FA40;
			remoteInfo = reasons;
		};
/* End PBXContainerItemProxy section */

/* Begin PBXFileReference section */
		101D976C18E2310E00C3FA40 /* reasons.app */ = {isa = PBXFileReference; explicitFileType = wrapper.application; includeInIndex = 0; path = reasons.app; sourceTree = BUILT_PRODUCTS_DIR; };
		101D976F18E2310E00C3FA40 /* Foundation.framework */ = {isa = PBXFileReference; lastKnownFileType = wrapper.framework; name = Foundation.framework; path = System/Library/Frameworks/Foundation.framework; sourceTree = SDKROOT; };
		101D977118E2310E00C3FA40 /* CoreGraphics.framework */ = {isa = PBXFileReference; lastKnownFileType = wrapper.framework; name = CoreGraphics.framework; path = System/Library/Frameworks/CoreGraphics.framework; sourceTree = SDKROOT; };
		101D977318E2310E00C3FA40 /* UIKit.framework */ = {isa = PBXFileReference; lastKnownFileType = wrapper.framework; name = UIKit.framework; path = System/Library/Frameworks/UIKit.framework; sourceTree = SDKROOT; };
		101D977718E2310E00C3FA40 /* reasons-Info.plist */ = {isa = PBXFileReference; lastKnownFileType = text.plist.xml; path = "reasons-Info.plist"; sourceTree = "<group>"; };
		101D977918E2310E00C3FA40 /* en */ = {isa = PBXFileReference; lastKnownFileType = text.plist.strings; name = en; path = en.lproj/InfoPlist.strings; sourceTree = "<group>"; };
		101D977B18E2310E00C3FA40 /* main.m */ = {isa = PBXFileReference; lastKnownFileType = sourcecode.c.objc; path = main.m; sourceTree = "<group>"; };
		101D977D18E2310E00C3FA40 /* reasons-Prefix.pch */ = {isa = PBXFileReference; lastKnownFileType = sourcecode.c.h; path = "reasons-Prefix.pch"; sourceTree = "<group>"; };
		101D977E18E2310E00C3FA40 /* AppDelegate.h */ = {isa = PBXFileReference; lastKnownFileType = sourcecode.c.h; path = AppDelegate.h; sourceTree = "<group>"; };
		101D977F18E2310E00C3FA40 /* AppDelegate.m */ = {isa = PBXFileReference; lastKnownFileType = sourcecode.c.objc; path = AppDelegate.m; sourceTree = "<group>"; };
		101D978218E2310E00C3FA40 /* Base */ = {isa = PBXFileReference; lastKnownFileType = file.storyboard; name = Base; path = Base.lproj/Main.storyboard; sourceTree = "<group>"; };
		101D978418E2310E00C3FA40 /* ViewController.h */ = {isa = PBXFileReference; lastKnownFileType = sourcecode.c.h; path = ViewController.h; sourceTree = "<group>"; };
		101D978518E2310E00C3FA40 /* ViewController.m */ = {isa = PBXFileReference; lastKnownFileType = sourcecode.c.objc; path = ViewController.m; sourceTree = "<group>"; };
		101D978718E2310E00C3FA40 /* Images.xcassets */ = {isa = PBXFileReference; lastKnownFileType = folder.assetcatalog; path = Images.xcassets; sourceTree = "<group>"; };
		101D978D18E2310E00C3FA40 /* reasonsTests.xctest */ = {isa = PBXFileReference; explicitFileType = wrapper.cfbundle; includeInIndex = 0; path = reasonsTests.xctest; sourceTree = BUILT_PRODUCTS_DIR; };
		101D978E18E2310E00C3FA40 /* XCTest.framework */ = {isa = PBXFileReference; lastKnownFileType = wrapper.framework; name = XCTest.framework; path = Library/Frameworks/XCTest.framework; sourceTree = DEVELOPER_DIR; };
		101D979618E2310E00C3FA40 /* reasonsTests-Info.plist */ = {isa = PBXFileReference; lastKnownFileType = text.plist.xml; path = "reasonsTests-Info.plist"; sourceTree = "<group>"; };
		101D979818E2310E00C3FA40 /* en */ = {isa = PBXFileReference; lastKnownFileType = text.plist.strings; name = en; path = en.lproj/InfoPlist.strings; sourceTree = "<group>"; };
		101D979A18E2310E00C3FA40 /* reasonsTests.m */ = {isa = PBXFileReference; lastKnownFileType = sourcecode.c.objc; path = reasonsTests.m; sourceTree = "<group>"; };
/* End PBXFileReference section */

/* Begin PBXFrameworksBuildPhase section */
		101D976918E2310E00C3FA40 /* Frameworks */ = {
			isa = PBXFrameworksBuildPhase;
			buildActionMask = 2147483647;
			files = (
				101D977218E2310E00C3FA40 /* CoreGraphics.framework in Frameworks */,
				101D977418E2310E00C3FA40 /* UIKit.framework in Frameworks */,
				101D977018E2310E00C3FA40 /* Foundation.framework in Frameworks */,
			);
			runOnlyForDeploymentPostprocessing = 0;
		};
		101D978A18E2310E00C3FA40 /* Frameworks */ = {
			isa = PBXFrameworksBuildPhase;
			buildActionMask = 2147483647;
			files = (
				101D978F18E2310E00C3FA40 /* XCTest.framework in Frameworks */,
				101D979118E2310E00C3FA40 /* UIKit.framework in Frameworks */,
				101D979018E2310E00C3FA40 /* Foundation.framework in Frameworks */,
			);
			runOnlyForDeploymentPostprocessing = 0;
		};
/* End PBXFrameworksBuildPhase section */

/* Begin PBXGroup section */
		101D976318E2310E00C3FA40 = {
			isa = PBXGroup;
			children = (
				101D977518E2310E00C3FA40 /* reasons */,
				101D979418E2310E00C3FA40 /* reasonsTests */,
				101D976E18E2310E00C3FA40 /* Frameworks */,
				101D976D18E2310E00C3FA40 /* Products */,
			);
			sourceTree = "<group>";
		};
		101D976D18E2310E00C3FA40 /* Products */ = {
			isa = PBXGroup;
			children = (
				101D976C18E2310E00C3FA40 /* reasons.app */,
				101D978D18E2310E00C3FA40 /* reasonsTests.xctest */,
			);
			name = Products;
			sourceTree = "<group>";
		};
		101D976E18E2310E00C3FA40 /* Frameworks */ = {
			isa = PBXGroup;
			children = (
				101D976F18E2310E00C3FA40 /* Foundation.framework */,
				101D977118E2310E00C3FA40 /* CoreGraphics.framework */,
				101D977318E2310E00C3FA40 /* UIKit.framework */,
				101D978E18E2310E00C3FA40 /* XCTest.framework */,
			);
			name = Frameworks;
			sourceTree = "<group>";
		};
		101D977518E2310E00C3FA40 /* reasons */ = {
			isa = PBXGroup;
			children = (
				101D977E18E2310E00C3FA40 /* AppDelegate.h */,
				101D977F18E2310E00C3FA40 /* AppDelegate.m */,
				101D978118E2310E00C3FA40 /* Main.storyboard */,
				101D978418E2310E00C3FA40 /* ViewController.h */,
				101D978518E2310E00C3FA40 /* ViewController.m */,
				101D978718E2310E00C3FA40 /* Images.xcassets */,
				101D977618E2310E00C3FA40 /* Supporting Files */,
			);
			path = reasons;
			sourceTree = "<group>";
		};
		101D977618E2310E00C3FA40 /* Supporting Files */ = {
			isa = PBXGroup;
			children = (
				101D977718E2310E00C3FA40 /* reasons-Info.plist */,
				101D977818E2310E00C3FA40 /* InfoPlist.strings */,
				101D977B18E2310E00C3FA40 /* main.m */,
				101D977D18E2310E00C3FA40 /* reasons-Prefix.pch */,
			);
			name = "Supporting Files";
			sourceTree = "<group>";
		};
		101D979418E2310E00C3FA40 /* reasonsTests */ = {
			isa = PBXGroup;
			children = (
				101D979A18E2310E00C3FA40 /* reasonsTests.m */,
				101D979518E2310E00C3FA40 /* Supporting Files */,
			);
			path = reasonsTests;
			sourceTree = "<group>";
		};
		101D979518E2310E00C3FA40 /* Supporting Files */ = {
			isa = PBXGroup;
			children = (
				101D979618E2310E00C3FA40 /* reasonsTests-Info.plist */,
				101D979718E2310E00C3FA40 /* InfoPlist.strings */,
			);
			name = "Supporting Files";
			sourceTree = "<group>";
		};
/* End PBXGroup section */

/* Begin PBXNativeTarget section */
		101D976B18E2310E00C3FA40 /* reasons */ = {
			isa = PBXNativeTarget;
			buildConfigurationList = 101D979E18E2310E00C3FA40 /* Build configuration list for PBXNativeTarget "reasons" */;
			buildPhases = (
				101D976818E2310E00C3FA40 /* Sources */,
				101D976918E2310E00C3FA40 /* Frameworks */,
				101D976A18E2310E00C3FA40 /* Resources */,
			);
			buildRules = (
			);
			dependencies = (
			);
			name = reasons;
			productName = reasons;
			productReference = 101D976C18E2310E00C3FA40 /* reasons.app */;
			productType = "com.apple.product-type.application";
		};
		101D978C18E2310E00C3FA40 /* reasonsTests */ = {
			isa = PBXNativeTarget;
			buildConfigurationList = 101D97A118E2310E00C3FA40 /* Build configuration list for PBXNativeTarget "reasonsTests" */;
			buildPhases = (
				101D978918E2310E00C3FA40 /* Sources */,
				101D978A18E2310E00C3FA40 /* Frameworks */,
				101D978B18E2310E00C3FA40 /* Resources */,
			);
			buildRules = (
			);
			dependencies = (
				101D979318E2310E00C3FA40 /* PBXTargetDependency */,
			);
			name = reasonsTests;
			productName = reasonsTests;
			productReference = 101D978D18E2310E00C3FA40 /* reasonsTests.xctest */;
			productType = "com.apple.product-type.bundle.unit-test";
		};
/* End PBXNativeTarget section */

/* Begin PBXProject section */
		101D976418E2310E00C3FA40 /* Project object */ = {
			isa = PBXProject;
			attributes = {
				LastUpgradeCheck = 0510;
				ORGANIZATIONNAME = reasons;
				TargetAttributes = {
					101D978C18E2310E00C3FA40 = {
						TestTargetID = 101D976B18E2310E00C3FA40;
					};
				};
			};
			buildConfigurationList = 101D976718E2310E00C3FA40 /* Build configuration list for PBXProject "reasons" */;
			compatibilityVersion = "Xcode 3.2";
			developmentRegion = English;
			hasScannedForEncodings = 0;
			knownRegions = (
				en,
				Base,
			);
			mainGroup = 101D976318E2310E00C3FA40;
			productRefGroup = 101D976D18E2310E00C3FA40 /* Products */;
			projectDirPath = "";
			projectRoot = "";
			targets = (
				101D976B18E2310E00C3FA40 /* reasons */,
				101D978C18E2310E00C3FA40 /* reasonsTests */,
			);
		};
/* End PBXProject section */

/* Begin PBXResourcesBuildPhase section */
		101D976A18E2310E00C3FA40 /* Resources */ = {
			isa = PBXResourcesBuildPhase;
			buildActionMask = 2147483647;
			files = (
				101D978818E2310E00C3FA40 /* Images.xcassets in Resources */,
				101D977A18E2310E00C3FA40 /* InfoPlist.strings in Resources */,
				101D978318E2310E00C3FA40 /* Main.storyboard in Resources */,
			);
			runOnlyForDeploymentPostprocessing = 0;
		};
		101D978B18E2310E00C3FA40 /* Resources */ = {
			isa = PBXResourcesBuildPhase;
			buildActionMask = 2147483647;
			files = (
				101D979918E2310E00C3FA40 /* InfoPlist.strings in Resources */,
			);
			runOnlyForDeploymentPostprocessing = 0;
		};
/* End PBXResourcesBuildPhase section */

/* Begin PBXSourcesBuildPhase section */
		101D976818E2310E00C3FA40 /* Sources */ = {
			isa = PBXSourcesBuildPhase;
			buildActionMask = 2147483647;
			files = (
				101D978618E2310E00C3FA40 /* ViewController.m in Sources */,
				101D978018E2310E00C3FA40 /* AppDelegate.m in Sources */,
				101D977C18E2310E00C3FA40 /* main.m in Sources */,
			);
			runOnlyForDeploymentPostprocessing = 0;
		};
		101D978918E2310E00C3FA40 /* Sources */ = {
			isa = PBXSourcesBuildPhase;
			buildActionMask = 2147483647;
			files = (
				101D979B18E2310E00C3FA40 /* reasonsTests.m in Sources */,
			);
			runOnlyForDeploymentPostprocessing = 0;
		};
/* End PBXSourcesBuildPhase section */

/* Begin PBXTargetDependency section */
		101D979318E2310E00C3FA40 /* PBXTargetDependency */ = {
			isa = PBXTargetDependency;
			target = 101D976B18E2310E00C3FA40 /* reasons */;
			targetProxy = 101D979218E2310E00C3FA40 /* PBXContainerItemProxy */;
		};
/* End PBXTargetDependency section */

/* Begin PBXVariantGroup section */
		101D977818E2310E00C3FA40 /* InfoPlist.strings */ = {
			isa = PBXVariantGroup;
			children = (
				101D977918E2310E00C3FA40 /* en */,
			);
			name = InfoPlist.strings;
			sourceTree = "<group>";
		};
		101D978118E2310E00C3FA40 /* Main.storyboard */ = {
			isa = PBXVariantGroup;
			children = (
				101D978218E2310E00C3FA40 /* Base */,
			);
			name = Main.storyboard;
			sourceTree = "<group>";
		};
		101D979718E2310E00C3FA40 /* InfoPlist.strings */ = {
			isa = PBXVariantGroup;
			children = (
				101D979818E2310E00C3FA40 /* en */,
			);
			name = InfoPlist.strings;
			sourceTree = "<group>";
		};
/* End PBXVariantGroup section */

/* Begin XCBuildConfiguration section */
		101D979C18E2310E00C3FA40 /* Debug */ = {
			isa = XCBuildConfiguration;
			buildSettings = {
				ALWAYS_SEARCH_USER_PATHS = NO;
				CLANG_CXX_LANGUAGE_STANDARD = "gnu++0x";
				CLANG_CXX_LIBRARY = "libc++";
				CLANG_ENABLE_MODULES = YES;
				CLANG_ENABLE_OBJC_ARC = YES;
				CLANG_WARN_BOOL_CONVERSION = YES;
				CLANG_WARN_CONSTANT_CONVERSION = YES;
				CLANG_WARN_DIRECT_OBJC_ISA_USAGE = YES_ERROR;
				CLANG_WARN_EMPTY_BODY = YES;
				CLANG_WARN_ENUM_CONVERSION = YES;
				CLANG_WARN_INT_CONVERSION = YES;
				CLANG_WARN_OBJC_ROOT_CLASS = YES_ERROR;
				CLANG_WARN__DUPLICATE_METHOD_MATCH = YES;
				"CODE_SIGN_IDENTITY[sdk=iphoneos*]" = "iPhone Developer";
				COPY_PHASE_STRIP = NO;
				GCC_C_LANGUAGE_STANDARD = gnu99;
				GCC_DYNAMIC_NO_PIC = NO;
				GCC_OPTIMIZATION_LEVEL = 0;
				GCC_PREPROCESSOR_DEFINITIONS = (
					"DEBUG=1",
					"$(inherited)",
				);
				GCC_SYMBOLS_PRIVATE_EXTERN = NO;
				GCC_WARN_64_TO_32_BIT_CONVERSION = YES;
				GCC_WARN_ABOUT_RETURN_TYPE = YES_ERROR;
				GCC_WARN_UNDECLARED_SELECTOR = YES;
				GCC_WARN_UNINITIALIZED_AUTOS = YES_AGGRESSIVE;
				GCC_WARN_UNUSED_FUNCTION = YES;
				GCC_WARN_UNUSED_VARIABLE = YES;
				IPHONEOS_DEPLOYMENT_TARGET = 7.1;
				ONLY_ACTIVE_ARCH = YES;
				SDKROOT = iphoneos;
			};
			name = Debug;
		};
		101D979D18E2310E00C3FA40 /* Release */ = {
			isa = XCBuildConfiguration;
			buildSettings = {
				ALWAYS_SEARCH_USER_PATHS = NO;
				CLANG_CXX_LANGUAGE_STANDARD = "gnu++0x";
				CLANG_CXX_LIBRARY = "libc++";
				CLANG_ENABLE_MODULES = YES;
				CLANG_ENABLE_OBJC_ARC = YES;
				CLANG_WARN_BOOL_CONVERSION = YES;
				CLANG_WARN_CONSTANT_CONVERSION = YES;
				CLANG_WARN_DIRECT_OBJC_ISA_USAGE = YES_ERROR;
				CLANG_WARN_EMPTY_BODY = YES;
				CLANG_WARN_ENUM_CONVERSION = YES;
				CLANG_WARN_INT_CONVERSION = YES;
				CLANG_WARN_OBJC_ROOT_CLASS = YES_ERROR;
				CLANG_WARN__DUPLICATE_METHOD_MATCH = YES;
				"CODE_SIGN_IDENTITY[sdk=iphoneos*]" = "iPhone Developer";
				COPY_PHASE_STRIP = YES;
				ENABLE_NS_ASSERTIONS = NO;
				GCC_C_LANGUAGE_STANDARD = gnu99;
				GCC_WARN_64_TO_32_BIT_CONVERSION = YES;
				GCC_WARN_ABOUT_RETURN_TYPE = YES_ERROR;
				GCC_WARN_UNDECLARED_SELECTOR = YES;
				GCC_WARN_UNINITIALIZED_AUTOS = YES_AGGRESSIVE;
				GCC_WARN_UNUSED_FUNCTION = YES;
				GCC_WARN_UNUSED_VARIABLE = YES;
				IPHONEOS_DEPLOYMENT_TARGET = 7.1;
				SDKROOT = iphoneos;
				VALIDATE_PRODUCT = YES;
			};
			name = Release;
		};
		101D979F18E2310E00C3FA40 /* Debug */ = {
			isa = XCBuildConfiguration;
			buildSettings = {
				ASSETCATALOG_COMPILER_APPICON_NAME = AppIcon;
				ASSETCATALOG_COMPILER_LAUNCHIMAGE_NAME = LaunchImage;
				GCC_PRECOMPILE_PREFIX_HEADER = YES;
				GCC_PREFIX_HEADER = "reasons/reasons-Prefix.pch";
				INFOPLIST_FILE = "reasons/reasons-Info.plist";
				PRODUCT_NAME = "$(TARGET_NAME)";
				WRAPPER_EXTENSION = app;
			};
			name = Debug;
		};
		101D97A018E2310E00C3FA40 /* Release */ = {
			isa = XCBuildConfiguration;
			buildSettings = {
				ASSETCATALOG_COMPILER_APPICON_NAME = AppIcon;
				ASSETCATALOG_COMPILER_LAUNCHIMAGE_NAME = LaunchImage;
				GCC_PRECOMPILE_PREFIX_HEADER = YES;
				GCC_PREFIX_HEADER = "reasons/reasons-Prefix.pch";
				INFOPLIST_FILE = "reasons/reasons-Info.plist";
				PRODUCT_NAME = "$(TARGET_NAME)";
				WRAPPER_EXTENSION = app;
			};
			name = Release;
		};
		101D97A218E2310E00C3FA40 /* Debug */ = {
			isa = XCBuildConfiguration;
			buildSettings = {
				BUNDLE_LOADER = "$(BUILT_PRODUCTS_DIR)/reasons.app/reasons";
				FRAMEWORK_SEARCH_PATHS = (
					"$(SDKROOT)/Developer/Library/Frameworks",
					"$(inherited)",
					"$(DEVELOPER_FRAMEWORKS_DIR)",
				);
				GCC_PRECOMPILE_PREFIX_HEADER = YES;
				GCC_PREFIX_HEADER = "reasons/reasons-Prefix.pch";
				GCC_PREPROCESSOR_DEFINITIONS = (
					"DEBUG=1",
					"$(inherited)",
				);
				INFOPLIST_FILE = "reasonsTests/reasonsTests-Info.plist";
				PRODUCT_NAME = "$(TARGET_NAME)";
				TEST_HOST = "$(BUNDLE_LOADER)";
				WRAPPER_EXTENSION = xctest;
			};
			name = Debug;
		};
		101D97A318E2310E00C3FA40 /* Release */ = {
			isa = XCBuildConfiguration;
			buildSettings = {
				BUNDLE_LOADER = "$(BUILT_PRODUCTS_DIR)/reasons.app/reasons";
				FRAMEWORK_SEARCH_PATHS = (
					"$(SDKROOT)/Developer/Library/Frameworks",
					"$(inherited)",
					"$(DEVELOPER_FRAMEWORKS_DIR)",
				);
				GCC_PRECOMPILE_PREFIX_HEADER = YES;
				GCC_PREFIX_HEADER = "reasons/reasons-Prefix.pch";
				INFOPLIST_FILE = "reasonsTests/reasonsTests-Info.plist";
				PRODUCT_NAME = "$(TARGET_NAME)";
				TEST_HOST = "$(BUNDLE_LOADER)";
				WRAPPER_EXTENSION = xctest;
			};
			name = Release;
		};
/* End XCBuildConfiguration section */

/* Begin XCConfigurationList section */
		101D976718E2310E00C3FA40 /* Build configuration list for PBXProject "reasons" */ = {
			isa = XCConfigurationList;
			buildConfigurations = (
				101D979C18E2310E00C3FA40 /* Debug */,
				101D979D18E2310E00C3FA40 /* Release */,
			);
			defaultConfigurationIsVisible = 0;
			defaultConfigurationName = Release;
		};
		101D979E18E2310E00C3FA40 /* Build configuration list for PBXNativeTarget "reasons" */ = {
			isa = XCConfigurationList;
			buildConfigurations = (
				101D979F18E2310E00C3FA40 /* Debug */,
				101D97A018E2310E00C3FA40 /* Release */,
			);
			defaultConfigurationIsVisible = 0;
		};
		101D97A118E2310E00C3FA40 /* Build configuration list for PBXNativeTarget "reasonsTests" */ = {
			isa = XCConfigurationList;
			buildConfigurations = (
				101D97A218E2310E00C3FA40 /* Debug */,
				101D97A318E2310E00C3FA40 /* Release */,
			);
			defaultConfigurationIsVisible = 0;
		};
/* End XCConfigurationList section */
	};
	rootObject = 101D976418E2310E00C3FA40 /* Project object */;
}
